{
  "name": "kx-cipher-test",
  "version": "1.0.0",
  "lockfileVersion": 3,
  "requires": true,
  "packages": {
    "": {
      "name": "kx-cipher-test",
      "version": "1.0.0",
      "license": "ISC",
      "dependencies": {
        "kx-cipher": "^1.0.1"
      }
    },
    "node_modules/kx-cipher": {
      "version": "1.0.1",
      "resolved": "https://registry.npmjs.org/kx-cipher/-/kx-cipher-1.0.1.tgz",
      "integrity": "sha512-WbVkSfVZ93IE7m4e2YKcdORXd138Sr93bDz0CGsTouwNvKf6XddQX1UHCZFmRbAPGjQ7F6YbgKwGiARlLlzveg==",
      "license": "ISC"
    }
  }
}
